// !$*UTF8*$!
{
	archiveVersion = 1;
	classes = {
	};
	objectVersion = 46;
	objects = {

/* Begin PBXBuildFile section */
		162206881BE1476B00AA6631 /* AppDelegate.swift in Sources */ = {isa = PBXBuildFile; fileRef = 162206871BE1476B00AA6631 /* AppDelegate.swift */; };
		1622068A1BE1476B00AA6631 /* ViewController.swift in Sources */ = {isa = PBXBuildFile; fileRef = 162206891BE1476B00AA6631 /* ViewController.swift */; };
		1622068D1BE1476B00AA6631 /* Main.storyboard in Resources */ = {isa = PBXBuildFile; fileRef = 1622068B1BE1476B00AA6631 /* Main.storyboard */; };
		1622068F1BE1476B00AA6631 /* Assets.xcassets in Resources */ = {isa = PBXBuildFile; fileRef = 1622068E1BE1476B00AA6631 /* Assets.xcassets */; };
		162206921BE1476B00AA6631 /* LaunchScreen.storyboard in Resources */ = {isa = PBXBuildFile; fileRef = 162206901BE1476B00AA6631 /* LaunchScreen.storyboard */; };
		1622069D1BE1476B00AA6631 /* iSquareTests.swift in Sources */ = {isa = PBXBuildFile; fileRef = 1622069C1BE1476B00AA6631 /* iSquareTests.swift */; };
		162206A81BE1476B00AA6631 /* iSquareUITests.swift in Sources */ = {isa = PBXBuildFile; fileRef = 162206A71BE1476B00AA6631 /* iSquareUITests.swift */; };
/* End PBXBuildFile section */

/* Begin PBXContainerItemProxy section */
		162206991BE1476B00AA6631 /* PBXContainerItemProxy */ = {
			isa = PBXContainerItemProxy;
			containerPortal = 1622067C1BE1476B00AA6631 /* Project object */;
			proxyType = 1;
			remoteGlobalIDString = 162206831BE1476B00AA6631;
			remoteInfo = iSquare;
		};
		162206A41BE1476B00AA6631 /* PBXContainerItemProxy */ = {
			isa = PBXContainerItemProxy;
			containerPortal = 1622067C1BE1476B00AA6631 /* Project object */;
			proxyType = 1;
			remoteGlobalIDString = 162206831BE1476B00AA6631;
			remoteInfo = iSquare;
		};
/* End PBXContainerItemProxy section */

/* Begin PBXFileReference section */
		162206841BE1476B00AA6631 /* iSquare.app */ = {isa = PBXFileReference; explicitFileType = wrapper.application; includeInIndex = 0; path = iSquare.app; sourceTree = BUILT_PRODUCTS_DIR; };
		162206871BE1476B00AA6631 /* AppDelegate.swift */ = {isa = PBXFileReference; lastKnownFileType = sourcecode.swift; path = AppDelegate.swift; sourceTree = "<group>"; };
		162206891BE1476B00AA6631 /* ViewController.swift */ = {isa = PBXFileReference; lastKnownFileType = sourcecode.swift; path = ViewController.swift; sourceTree = "<group>"; };
		1622068C1BE1476B00AA6631 /* Base */ = {isa = PBXFileReference; lastKnownFileType = file.storyboard; name = Base; path = Base.lproj/Main.storyboard; sourceTree = "<group>"; };
		1622068E1BE1476B00AA6631 /* Assets.xcassets */ = {isa = PBXFileReference; lastKnownFileType = folder.assetcatalog; path = Assets.xcassets; sourceTree = "<group>"; };
		162206911BE1476B00AA6631 /* Base */ = {isa = PBXFileReference; lastKnownFileType = file.storyboard; name = Base; path = Base.lproj/LaunchScreen.storyboard; sourceTree = "<group>"; };
		162206931BE1476B00AA6631 /* Info.plist */ = {isa = PBXFileReference; lastKnownFileType = text.plist.xml; path = Info.plist; sourceTree = "<group>"; };
		162206981BE1476B00AA6631 /* iSquareTests.xctest */ = {isa = PBXFileReference; explicitFileType = wrapper.cfbundle; includeInIndex = 0; path = iSquareTests.xctest; sourceTree = BUILT_PRODUCTS_DIR; };
		1622069C1BE1476B00AA6631 /* iSquareTests.swift */ = {isa = PBXFileReference; lastKnownFileType = sourcecode.swift; path = iSquareTests.swift; sourceTree = "<group>"; };
		1622069E1BE1476B00AA6631 /* Info.plist */ = {isa = PBXFileReference; lastKnownFileType = text.plist.xml; path = Info.plist; sourceTree = "<group>"; };
		162206A31BE1476B00AA6631 /* iSquareUITests.xctest */ = {isa = PBXFileReference; explicitFileType = wrapper.cfbundle; includeInIndex = 0; path = iSquareUITests.xctest; sourceTree = BUILT_PRODUCTS_DIR; };
		162206A71BE1476B00AA6631 /* iSquareUITests.swift */ = {isa = PBXFileReference; lastKnownFileType = sourcecode.swift; path = iSquareUITests.swift; sourceTree = "<group>"; };
		162206A91BE1476B00AA6631 /* Info.plist */ = {isa = PBXFileReference; lastKnownFileType = text.plist.xml; path = Info.plist; sourceTree = "<group>"; };
/* End PBXFileReference section */

/* Begin PBXFrameworksBuildPhase section */
		162206811BE1476B00AA6631 /* Frameworks */ = {
			isa = PBXFrameworksBuildPhase;
			buildActionMask = 2147483647;
			files = (
			);
			runOnlyForDeploymentPostprocessing = 0;
		};
		162206951BE1476B00AA6631 /* Frameworks */ = {
			isa = PBXFrameworksBuildPhase;
			buildActionMask = 2147483647;
			files = (
			);
			runOnlyForDeploymentPostprocessing = 0;
		};
		162206A01BE1476B00AA6631 /* Frameworks */ = {
			isa = PBXFrameworksBuildPhase;
			buildActionMask = 2147483647;
			files = (
			);
			runOnlyForDeploymentPostprocessing = 0;
		};
/* End PBXFrameworksBuildPhase section */

/* Begin PBXGroup section */
		1622067B1BE1476B00AA6631 = {
			isa = PBXGroup;
			children = (
				162206861BE1476B00AA6631 /* iSquare */,
				1622069B1BE1476B00AA6631 /* iSquareTests */,
				162206A61BE1476B00AA6631 /* iSquareUITests */,
				162206851BE1476B00AA6631 /* Products */,
			);
			sourceTree = "<group>";
		};
		162206851BE1476B00AA6631 /* Products */ = {
			isa = PBXGroup;
			children = (
				162206841BE1476B00AA6631 /* iSquare.app */,
				162206981BE1476B00AA6631 /* iSquareTests.xctest */,
				162206A31BE1476B00AA6631 /* iSquareUITests.xctest */,
			);
			name = Products;
			sourceTree = "<group>";
		};
		162206861BE1476B00AA6631 /* iSquare */ = {
			isa = PBXGroup;
			children = (
				162206871BE1476B00AA6631 /* AppDelegate.swift */,
				162206891BE1476B00AA6631 /* ViewController.swift */,
				1622068B1BE1476B00AA6631 /* Main.storyboard */,
				1622068E1BE1476B00AA6631 /* Assets.xcassets */,
				162206901BE1476B00AA6631 /* LaunchScreen.storyboard */,
				162206931BE1476B00AA6631 /* Info.plist */,
			);
			path = iSquare;
			sourceTree = "<group>";
		};
		1622069B1BE1476B00AA6631 /* iSquareTests */ = {
			isa = PBXGroup;
			children = (
				1622069C1BE1476B00AA6631 /* iSquareTests.swift */,
				1622069E1BE1476B00AA6631 /* Info.plist */,
			);
			path = iSquareTests;
			sourceTree = "<group>";
		};
		162206A61BE1476B00AA6631 /* iSquareUITests */ = {
			isa = PBXGroup;
			children = (
				162206A71BE1476B00AA6631 /* iSquareUITests.swift */,
				162206A91BE1476B00AA6631 /* Info.plist */,
			);
			path = iSquareUITests;
			sourceTree = "<group>";
		};
/* End PBXGroup section */

/* Begin PBXNativeTarget section */
		162206831BE1476B00AA6631 /* iSquare */ = {
			isa = PBXNativeTarget;
			buildConfigurationList = 162206AC1BE1476B00AA6631 /* Build configuration list for PBXNativeTarget "iSquare" */;
			buildPhases = (
				162206801BE1476B00AA6631 /* Sources */,
				162206811BE1476B00AA6631 /* Frameworks */,
				162206821BE1476B00AA6631 /* Resources */,
			);
			buildRules = (
			);
			dependencies = (
			);
			name = iSquare;
			productName = iSquare;
			productReference = 162206841BE1476B00AA6631 /* iSquare.app */;
			productType = "com.apple.product-type.application";
		};
		162206971BE1476B00AA6631 /* iSquareTests */ = {
			isa = PBXNativeTarget;
			buildConfigurationList = 162206AF1BE1476B00AA6631 /* Build configuration list for PBXNativeTarget "iSquareTests" */;
			buildPhases = (
				162206941BE1476B00AA6631 /* Sources */,
				162206951BE1476B00AA6631 /* Frameworks */,
				162206961BE1476B00AA6631 /* Resources */,
			);
			buildRules = (
			);
			dependencies = (
				1622069A1BE1476B00AA6631 /* PBXTargetDependency */,
			);
			name = iSquareTests;
			productName = iSquareTests;
			productReference = 162206981BE1476B00AA6631 /* iSquareTests.xctest */;
			productType = "com.apple.product-type.bundle.unit-test";
		};
		162206A21BE1476B00AA6631 /* iSquareUITests */ = {
			isa = PBXNativeTarget;
			buildConfigurationList = 162206B21BE1476B00AA6631 /* Build configuration list for PBXNativeTarget "iSquareUITests" */;
			buildPhases = (
				1622069F1BE1476B00AA6631 /* Sources */,
				162206A01BE1476B00AA6631 /* Frameworks */,
				162206A11BE1476B00AA6631 /* Resources */,
			);
			buildRules = (
			);
			dependencies = (
				162206A51BE1476B00AA6631 /* PBXTargetDependency */,
			);
			name = iSquareUITests;
			productName = iSquareUITests;
			productReference = 162206A31BE1476B00AA6631 /* iSquareUITests.xctest */;
			productType = "com.apple.product-type.bundle.ui-testing";
		};
/* End PBXNativeTarget section */

/* Begin PBXProject section */
		1622067C1BE1476B00AA6631 /* Project object */ = {
			isa = PBXProject;
			attributes = {
				LastUpgradeCheck = 0700;
				ORGANIZATIONNAME = Ceran;
				TargetAttributes = {
					162206831BE1476B00AA6631 = {
						CreatedOnToolsVersion = 7.0.1;
					};
					162206971BE1476B00AA6631 = {
						CreatedOnToolsVersion = 7.0.1;
						TestTargetID = 162206831BE1476B00AA6631;
					};
					162206A21BE1476B00AA6631 = {
						CreatedOnToolsVersion = 7.0.1;
						TestTargetID = 162206831BE1476B00AA6631;
					};
				};
			};
			buildConfigurationList = 1622067F1BE1476B00AA6631 /* Build configuration list for PBXProject "iSquare" */;
			compatibilityVersion = "Xcode 3.2";
			developmentRegion = English;
			hasScannedForEncodings = 0;
			knownRegions = (
				en,
				Base,
			);
			mainGroup = 1622067B1BE1476B00AA6631;
			productRefGroup = 162206851BE1476B00AA6631 /* Products */;
			projectDirPath = "";
			projectRoot = "";
			targets = (
				162206831BE1476B00AA6631 /* iSquare */,
				162206971BE1476B00AA6631 /* iSquareTests */,
				162206A21BE1476B00AA6631 /* iSquareUITests */,
			);
		};
/* End PBXProject section */

/* Begin PBXResourcesBuildPhase section */
		162206821BE1476B00AA6631 /* Resources */ = {
			isa = PBXResourcesBuildPhase;
			buildActionMask = 2147483647;
			files = (
				162206921BE1476B00AA6631 /* LaunchScreen.storyboard in Resources */,
				1622068F1BE1476B00AA6631 /* Assets.xcassets in Resources */,
				1622068D1BE1476B00AA6631 /* Main.storyboard in Resources */,
			);
			runOnlyForDeploymentPostprocessing = 0;
		};
		162206961BE1476B00AA6631 /* Resources */ = {
			isa = PBXResourcesBuildPhase;
			buildActionMask = 2147483647;
			files = (
			);
			runOnlyForDeploymentPostprocessing = 0;
		};
		162206A11BE1476B00AA6631 /* Resources */ = {
			isa = PBXResourcesBuildPhase;
			buildActionMask = 2147483647;
			files = (
			);
			runOnlyForDeploymentPostprocessing = 0;
		};
/* End PBXResourcesBuildPhase section */

/* Begin PBXSourcesBuildPhase section */
		162206801BE1476B00AA6631 /* Sources */ = {
			isa = PBXSourcesBuildPhase;
			buildActionMask = 2147483647;
			files = (
				1622068A1BE1476B00AA6631 /* ViewController.swift in Sources */,
				162206881BE1476B00AA6631 /* AppDelegate.swift in Sources */,
			);
			runOnlyForDeploymentPostprocessing = 0;
		};
		162206941BE1476B00AA6631 /* Sources */ = {
			isa = PBXSourcesBuildPhase;
			buildActionMask = 2147483647;
			files = (
				1622069D1BE1476B00AA6631 /* iSquareTests.swift in Sources */,
			);
			runOnlyForDeploymentPostprocessing = 0;
		};
		1622069F1BE1476B00AA6631 /* Sources */ = {
			isa = PBXSourcesBuildPhase;
			buildActionMask = 2147483647;
			files = (
				162206A81BE1476B00AA6631 /* iSquareUITests.swift in Sources */,
			);
			runOnlyForDeploymentPostprocessing = 0;
		};
/* End PBXSourcesBuildPhase section */

/* Begin PBXTargetDependency section */
		1622069A1BE1476B00AA6631 /* PBXTargetDependency */ = {
			isa = PBXTargetDependency;
			target = 162206831BE1476B00AA6631 /* iSquare */;
			targetProxy = 162206991BE1476B00AA6631 /* PBXContainerItemProxy */;
		};
		162206A51BE1476B00AA6631 /* PBXTargetDependency */ = {
			isa = PBXTargetDependency;
			target = 162206831BE1476B00AA6631 /* iSquare */;
			targetProxy = 162206A41BE1476B00AA6631 /* PBXContainerItemProxy */;
		};
/* End PBXTargetDependency section */

/* Begin PBXVariantGroup section */
		1622068B1BE1476B00AA6631 /* Main.storyboard */ = {
			isa = PBXVariantGroup;
			children = (
				1622068C1BE1476B00AA6631 /* Base */,
			);
			name = Main.storyboard;
			sourceTree = "<group>";
		};
		162206901BE1476B00AA6631 /* LaunchScreen.storyboard */ = {
			isa = PBXVariantGroup;
			children = (
				162206911BE1476B00AA6631 /* Base */,
			);
			name = LaunchScreen.storyboard;
			sourceTree = "<group>";
		};
/* End PBXVariantGroup section */

/* Begin XCBuildConfiguration section */
		162206AA1BE1476B00AA6631 /* Debug */ = {
			isa = XCBuildConfiguration;
			buildSettings = {
				ALWAYS_SEARCH_USER_PATHS = NO;
				CLANG_CXX_LANGUAGE_STANDARD = "gnu++0x";
				CLANG_CXX_LIBRARY = "libc++";
				CLANG_ENABLE_MODULES = YES;
				CLANG_ENABLE_OBJC_ARC = YES;
				CLANG_WARN_BOOL_CONVERSION = YES;
				CLANG_WARN_CONSTANT_CONVERSION = YES;
				CLANG_WARN_DIRECT_OBJC_ISA_USAGE = YES_ERROR;
				CLANG_WARN_EMPTY_BODY = YES;
				CLANG_WARN_ENUM_CONVERSION = YES;
				CLANG_WARN_INT_CONVERSION = YES;
				CLANG_WARN_OBJC_ROOT_CLASS = YES_ERROR;
				CLANG_WARN_UNREACHABLE_CODE = YES;
				CLANG_WARN__DUPLICATE_METHOD_MATCH = YES;
				"CODE_SIGN_IDENTITY[sdk=iphoneos*]" = "iPhone Developer";
				COPY_PHASE_STRIP = NO;
				DEBUG_INFORMATION_FORMAT = dwarf;
				ENABLE_STRICT_OBJC_MSGSEND = YES;
				ENABLE_TESTABILITY = YES;
				GCC_C_LANGUAGE_STANDARD = gnu99;
				GCC_DYNAMIC_NO_PIC = NO;
				GCC_NO_COMMON_BLOCKS = YES;
				GCC_OPTIMIZATION_LEVEL = 0;
				GCC_PREPROCESSOR_DEFINITIONS = (
					"DEBUG=1",
					"$(inherited)",
				);
				GCC_WARN_64_TO_32_BIT_CONVERSION = YES;
				GCC_WARN_ABOUT_RETURN_TYPE = YES_ERROR;
				GCC_WARN_UNDECLARED_SELECTOR = YES;
				GCC_WARN_UNINITIALIZED_AUTOS = YES_AGGRESSIVE;
				GCC_WARN_UNUSED_FUNCTION = YES;
				GCC_WARN_UNUSED_VARIABLE = YES;
				IPHONEOS_DEPLOYMENT_TARGET = 9.0;
				MTL_ENABLE_DEBUG_INFO = YES;
				ONLY_ACTIVE_ARCH = YES;
				SDKROOT = iphoneos;
				SWIFT_OPTIMIZATION_LEVEL = "-Onone";
				TARGETED_DEVICE_FAMILY = "1,2";
			};
			name = Debug;
		};
		162206AB1BE1476B00AA6631 /* Release */ = {
			isa = XCBuildConfiguration;
			buildSettings = {
				ALWAYS_SEARCH_USER_PATHS = NO;
				CLANG_CXX_LANGUAGE_STANDARD = "gnu++0x";
				CLANG_CXX_LIBRARY = "libc++";
				CLANG_ENABLE_MODULES = YES;
				CLANG_ENABLE_OBJC_ARC = YES;
				CLANG_WARN_BOOL_CONVERSION = YES;
				CLANG_WARN_CONSTANT_CONVERSION = YES;
				CLANG_WARN_DIRECT_OBJC_ISA_USAGE = YES_ERROR;
				CLANG_WARN_EMPTY_BODY = YES;
				CLANG_WARN_ENUM_CONVERSION = YES;
				CLANG_WARN_INT_CONVERSION = YES;
				CLANG_WARN_OBJC_ROOT_CLASS = YES_ERROR;
				CLANG_WARN_UNREACHABLE_CODE = YES;
				CLANG_WARN__DUPLICATE_METHOD_MATCH = YES;
				"CODE_SIGN_IDENTITY[sdk=iphoneos*]" = "iPhone Developer";
				COPY_PHASE_STRIP = NO;
				DEBUG_INFORMATION_FORMAT = "dwarf-with-dsym";
				ENABLE_NS_ASSERTIONS = NO;
				ENABLE_STRICT_OBJC_MSGSEND = YES;
				GCC_C_LANGUAGE_STANDARD = gnu99;
				GCC_NO_COMMON_BLOCKS = YES;
				GCC_WARN_64_TO_32_BIT_CONVERSION = YES;
				GCC_WARN_ABOUT_RETURN_TYPE = YES_ERROR;
				GCC_WARN_UNDECLARED_SELECTOR = YES;
				GCC_WARN_UNINITIALIZED_AUTOS = YES_AGGRESSIVE;
				GCC_WARN_UNUSED_FUNCTION = YES;
				GCC_WARN_UNUSED_VARIABLE = YES;
				IPHONEOS_DEPLOYMENT_TARGET = 9.0;
				MTL_ENABLE_DEBUG_INFO = NO;
				SDKROOT = iphoneos;
				TARGETED_DEVICE_FAMILY = "1,2";
				VALIDATE_PRODUCT = YES;
			};
			name = Release;
		};
		162206AD1BE1476B00AA6631 /* Debug */ = {
			isa = XCBuildConfiguration;
			buildSettings = {
				ASSETCATALOG_COMPILER_APPICON_NAME = AppIcon;
				INFOPLIST_FILE = iSquare/Info.plist;
				LD_RUNPATH_SEARCH_PATHS = "$(inherited) @executable_path/Frameworks";
				PRODUCT_BUNDLE_IDENTIFIER = Can.Ceran.iSquare;
				PRODUCT_NAME = "$(TARGET_NAME)";
			};
			name = Debug;
		};
		162206AE1BE1476B00AA6631 /* Release */ = {
			isa = XCBuildConfiguration;
			buildSettings = {
				ASSETCATALOG_COMPILER_APPICON_NAME = AppIcon;
				INFOPLIST_FILE = iSquare/Info.plist;
				LD_RUNPATH_SEARCH_PATHS = "$(inherited) @executable_path/Frameworks";
				PRODUCT_BUNDLE_IDENTIFIER = Can.Ceran.iSquare;
				PRODUCT_NAME = "$(TARGET_NAME)";
			};
			name = Release;
		};
		162206B01BE1476B00AA6631 /* Debug */ = {
			isa = XCBuildConfiguration;
			buildSettings = {
				BUNDLE_LOADER = "$(TEST_HOST)";
				INFOPLIST_FILE = iSquareTests/Info.plist;
				LD_RUNPATH_SEARCH_PATHS = "$(inherited) @executable_path/Frameworks @loader_path/Frameworks";
				PRODUCT_BUNDLE_IDENTIFIER = Can.Ceran.iSquareTests;
				PRODUCT_NAME = "$(TARGET_NAME)";
				TEST_HOST = "$(BUILT_PRODUCTS_DIR)/iSquare.app/iSquare";
			};
			name = Debug;
		};
		162206B11BE1476B00AA6631 /* Release */ = {
			isa = XCBuildConfiguration;
			buildSettings = {
				BUNDLE_LOADER = "$(TEST_HOST)";
				INFOPLIST_FILE = iSquareTests/Info.plist;
				LD_RUNPATH_SEARCH_PATHS = "$(inherited) @executable_path/Frameworks @loader_path/Frameworks";
				PRODUCT_BUNDLE_IDENTIFIER = Can.Ceran.iSquareTests;
				PRODUCT_NAME = "$(TARGET_NAME)";
				TEST_HOST = "$(BUILT_PRODUCTS_DIR)/iSquare.app/iSquare";
			};
			name = Release;
		};
		162206B31BE1476B00AA6631 /* Debug */ = {
			isa = XCBuildConfiguration;
			buildSettings = {
				INFOPLIST_FILE = iSquareUITests/Info.plist;
				LD_RUNPATH_SEARCH_PATHS = "$(inherited) @executable_path/Frameworks @loader_path/Frameworks";
				PRODUCT_BUNDLE_IDENTIFIER = Can.Ceran.iSquareUITests;
				PRODUCT_NAME = "$(TARGET_NAME)";
				TEST_TARGET_NAME = iSquare;
				USES_XCTRUNNER = YES;
			};
			name = Debug;
		};
		162206B41BE1476B00AA6631 /* Release */ = {
			isa = XCBuildConfiguration;
			buildSettings = {
				INFOPLIST_FILE = iSquareUITests/Info.plist;
				LD_RUNPATH_SEARCH_PATHS = "$(inherited) @executable_path/Frameworks @loader_path/Frameworks";
				PRODUCT_BUNDLE_IDENTIFIER = Can.Ceran.iSquareUITests;
				PRODUCT_NAME = "$(TARGET_NAME)";
				TEST_TARGET_NAME = iSquare;
				USES_XCTRUNNER = YES;
			};
			name = Release;
		};
/* End XCBuildConfiguration section */

/* Begin XCConfigurationList section */
		1622067F1BE1476B00AA6631 /* Build configuration list for PBXProject "iSquare" */ = {
			isa = XCConfigurationList;
			buildConfigurations = (
				162206AA1BE1476B00AA6631 /* Debug */,
				162206AB1BE1476B00AA6631 /* Release */,
			);
			defaultConfigurationIsVisible = 0;
			defaultConfigurationName = Release;
		};
		162206AC1BE1476B00AA6631 /* Build configuration list for PBXNativeTarget "iSquare" */ = {
			isa = XCConfigurationList;
			buildConfigurations = (
				162206AD1BE1476B00AA6631 /* Debug */,
				162206AE1BE1476B00AA6631 /* Release */,
			);
			defaultConfigurationIsVisible = 0;
		};
		162206AF1BE1476B00AA6631 /* Build configuration list for PBXNativeTarget "iSquareTests" */ = {
			isa = XCConfigurationList;
			buildConfigurations = (
				162206B01BE1476B00AA6631 /* Debug */,
				162206B11BE1476B00AA6631 /* Release */,
			);
			defaultConfigurationIsVisible = 0;
		};
		162206B21BE1476B00AA6631 /* Build configuration list for PBXNativeTarget "iSquareUITests" */ = {
			isa = XCConfigurationList;
			buildConfigurations = (
				162206B31BE1476B00AA6631 /* Debug */,
				162206B41BE1476B00AA6631 /* Release */,
			);
			defaultConfigurationIsVisible = 0;
		};
/* End XCConfigurationList section */
	};
	rootObject = 1622067C1BE1476B00AA6631 /* Project object */;
}
